
Microsoft Visual Studio Solution File, Format Version 12.00
# Visual Studio Version 17
VisualStudioVersion = 17.14.36603.0 d17.14
MinimumVisualStudioVersion = 10.0.40219.1
Project("{FAE04EC0-301F-11D3-BF4B-00C04F79EFBC}") = "Student_testing_system", "Student_testing_system\Student_testing_system.csproj", "{F930C90C-0994-49A6-B9FA-2267F94CDA10}"
EndProject
Global
	GlobalSection(SolutionConfigurationPlatforms) = preSolution
		Debug|Any CPU = Debug|Any CPU
		Release|Any CPU = Release|Any CPU
	EndGlobalSection
	GlobalSection(ProjectConfigurationPlatforms) = postSolution
		{F930C90C-0994-49A6-B9FA-2267F94CDA10}.Debug|Any CPU.ActiveCfg = Debug|Any CPU
		{F930C90C-0994-49A6-B9FA-2267F94CDA10}.Debug|Any CPU.Build.0 = Debug|Any CPU
		{F930C90C-0994-49A6-B9FA-2267F94CDA10}.Release|Any CPU.ActiveCfg = Release|Any CPU
		{F930C90C-0994-49A6-B9FA-2267F94CDA10}.Release|Any CPU.Build.0 = Release|Any CPU
	EndGlobalSection
	GlobalSection(SolutionProperties) = preSolution
		HideSolutionNode = FALSE
	EndGlobalSection
	GlobalSection(ExtensibilityGlobals) = postSolution
		SolutionGuid = {FA372D1B-6B43-4818-869D-C94B871C9E9F}
	EndGlobalSection
EndGlobal
